
Microsoft Visual Studio Solution File, Format Version 12.00
# Visual Studio Version 16
VisualStudioVersion = 16.0.30804.86
MinimumVisualStudioVersion = 10.0.40219.1
Project("{2150E333-8FDC-42A3-9474-1A3956D46DE8}") = "Solution Items", "Solution Items", "{B3CAAC95-379E-4AA9-B5CB-6F043AA0081D}"
	ProjectSection(SolutionItems) = preProject
		.gitignore = .gitignore
		LICENSE = LICENSE
		logo.png = logo.png
		README.md = README.md
	EndProjectSection
EndProject
Project("{9A19103F-16F7-4668-BE54-9A1E7A4F7556}") = "SimpleTplDataflowPipelines", "src\SimpleTplDataflowPipelines\SimpleTplDataflowPipelines.csproj", "{D545DA2E-8E3A-4AC3-B334-F7F820CE0659}"
EndProject
Project("{9A19103F-16F7-4668-BE54-9A1E7A4F7556}") = "SimpleTplDataflowPipelines.Tests", "tests\SimpleTplDataflowPipelines.Tests\SimpleTplDataflowPipelines.Tests.csproj", "{BE2AB477-B461-4E70-9303-0335884BA652}"
EndProject
Global
	GlobalSection(SolutionConfigurationPlatforms) = preSolution
		Debug|Any CPU = Debug|Any CPU
		Release|Any CPU = Release|Any CPU
	EndGlobalSection
	GlobalSection(ProjectConfigurationPlatforms) = postSolution
		{D545DA2E-8E3A-4AC3-B334-F7F820CE0659}.Debug|Any CPU.ActiveCfg = Debug|Any CPU
		{D545DA2E-8E3A-4AC3-B334-F7F820CE0659}.Debug|Any CPU.Build.0 = Debug|Any CPU
		{D545DA2E-8E3A-4AC3-B334-F7F820CE0659}.Release|Any CPU.ActiveCfg = Release|Any CPU
		{D545DA2E-8E3A-4AC3-B334-F7F820CE0659}.Release|Any CPU.Build.0 = Release|Any CPU
		{BE2AB477-B461-4E70-9303-0335884BA652}.Debug|Any CPU.ActiveCfg = Debug|Any CPU
		{BE2AB477-B461-4E70-9303-0335884BA652}.Debug|Any CPU.Build.0 = Debug|Any CPU
		{BE2AB477-B461-4E70-9303-0335884BA652}.Release|Any CPU.ActiveCfg = Release|Any CPU
		{BE2AB477-B461-4E70-9303-0335884BA652}.Release|Any CPU.Build.0 = Release|Any CPU
	EndGlobalSection
	GlobalSection(SolutionProperties) = preSolution
		HideSolutionNode = FALSE
	EndGlobalSection
	GlobalSection(ExtensibilityGlobals) = postSolution
		SolutionGuid = {1FB75903-058D-478F-80EB-53B43D896056}
	EndGlobalSection
EndGlobal
